// !$*UTF8*$!
{
	archiveVersion = 1;
	classes = {
	};
	objectVersion = 51;
	objects = {

/* Begin PBXBuildFile section */
		348BDEEF5A91903FE76F5213 /* Pods_CollectionView.framework in Frameworks */ = {isa = PBXBuildFile; fileRef = FA470D0A096696CF63A170B1 /* Pods_CollectionView.framework */; };
		840ECAC527913AB10030E3F0 /* CardView.swift in Sources */ = {isa = PBXBuildFile; fileRef = 840ECAC427913AB10030E3F0 /* CardView.swift */; };
		843C5811278F77E0008F6F7C /* Utils.swift in Sources */ = {isa = PBXBuildFile; fileRef = 843C5810278F77E0008F6F7C /* Utils.swift */; };
		84A571E826BC3F3500A56F68 /* AppDelegate.swift in Sources */ = {isa = PBXBuildFile; fileRef = 84A571E726BC3F3500A56F68 /* AppDelegate.swift */; };
		84A571EA26BC3F3500A56F68 /* SceneDelegate.swift in Sources */ = {isa = PBXBuildFile; fileRef = 84A571E926BC3F3500A56F68 /* SceneDelegate.swift */; };
		84A571EC26BC3F3500A56F68 /* ViewController.swift in Sources */ = {isa = PBXBuildFile; fileRef = 84A571EB26BC3F3500A56F68 /* ViewController.swift */; };
		84A571EF26BC3F3500A56F68 /* Main.storyboard in Resources */ = {isa = PBXBuildFile; fileRef = 84A571ED26BC3F3500A56F68 /* Main.storyboard */; };
		84A571F126BC3F3700A56F68 /* Assets.xcassets in Resources */ = {isa = PBXBuildFile; fileRef = 84A571F026BC3F3700A56F68 /* Assets.xcassets */; };
		84A571F426BC3F3700A56F68 /* LaunchScreen.storyboard in Resources */ = {isa = PBXBuildFile; fileRef = 84A571F226BC3F3700A56F68 /* LaunchScreen.storyboard */; };
		84A571FE26BC460700A56F68 /* MovieCollectionViewCell.swift in Sources */ = {isa = PBXBuildFile; fileRef = 84A571FD26BC460700A56F68 /* MovieCollectionViewCell.swift */; };
		84A5720026BC492400A56F68 /* Movie.swift in Sources */ = {isa = PBXBuildFile; fileRef = 84A571FF26BC492400A56F68 /* Movie.swift */; };
		84EE723E278481430059459B /* HomeController.swift in Sources */ = {isa = PBXBuildFile; fileRef = 84EE723D278481430059459B /* HomeController.swift */; };
/* End PBXBuildFile section */

/* Begin PBXFileReference section */
		5E218298786DE2871C80C7C2 /* Pods-CollectionView.release.xcconfig */ = {isa = PBXFileReference; includeInIndex = 1; lastKnownFileType = text.xcconfig; name = "Pods-CollectionView.release.xcconfig"; path = "Target Support Files/Pods-CollectionView/Pods-CollectionView.release.xcconfig"; sourceTree = "<group>"; };
		840ECAC427913AB10030E3F0 /* CardView.swift */ = {isa = PBXFileReference; lastKnownFileType = sourcecode.swift; path = CardView.swift; sourceTree = "<group>"; };
		843C5810278F77E0008F6F7C /* Utils.swift */ = {isa = PBXFileReference; lastKnownFileType = sourcecode.swift; path = Utils.swift; sourceTree = "<group>"; };
		84A571E426BC3F3500A56F68 /* CollectionView.app */ = {isa = PBXFileReference; explicitFileType = wrapper.application; includeInIndex = 0; path = CollectionView.app; sourceTree = BUILT_PRODUCTS_DIR; };
		84A571E726BC3F3500A56F68 /* AppDelegate.swift */ = {isa = PBXFileReference; lastKnownFileType = sourcecode.swift; path = AppDelegate.swift; sourceTree = "<group>"; };
		84A571E926BC3F3500A56F68 /* SceneDelegate.swift */ = {isa = PBXFileReference; lastKnownFileType = sourcecode.swift; path = SceneDelegate.swift; sourceTree = "<group>"; };
		84A571EB26BC3F3500A56F68 /* ViewController.swift */ = {isa = PBXFileReference; lastKnownFileType = sourcecode.swift; path = ViewController.swift; sourceTree = "<group>"; };
		84A571EE26BC3F3500A56F68 /* Base */ = {isa = PBXFileReference; lastKnownFileType = file.storyboard; name = Base; path = Base.lproj/Main.storyboard; sourceTree = "<group>"; };
		84A571F026BC3F3700A56F68 /* Assets.xcassets */ = {isa = PBXFileReference; lastKnownFileType = folder.assetcatalog; path = Assets.xcassets; sourceTree = "<group>"; };
		84A571F326BC3F3700A56F68 /* Base */ = {isa = PBXFileReference; lastKnownFileType = file.storyboard; name = Base; path = Base.lproj/LaunchScreen.storyboard; sourceTree = "<group>"; };
		84A571F526BC3F3700A56F68 /* Info.plist */ = {isa = PBXFileReference; lastKnownFileType = text.plist.xml; path = Info.plist; sourceTree = "<group>"; };
		84A571FD26BC460700A56F68 /* MovieCollectionViewCell.swift */ = {isa = PBXFileReference; lastKnownFileType = sourcecode.swift; path = MovieCollectionViewCell.swift; sourceTree = "<group>"; };
		84A571FF26BC492400A56F68 /* Movie.swift */ = {isa = PBXFileReference; lastKnownFileType = sourcecode.swift; path = Movie.swift; sourceTree = "<group>"; };
		84EE723D278481430059459B /* HomeController.swift */ = {isa = PBXFileReference; lastKnownFileType = sourcecode.swift; path = HomeController.swift; sourceTree = "<group>"; };
		AE2C6B43F8B5B5925C747750 /* Pods-CollectionView.debug.xcconfig */ = {isa = PBXFileReference; includeInIndex = 1; lastKnownFileType = text.xcconfig; name = "Pods-CollectionView.debug.xcconfig"; path = "Target Support Files/Pods-CollectionView/Pods-CollectionView.debug.xcconfig"; sourceTree = "<group>"; };
		FA470D0A096696CF63A170B1 /* Pods_CollectionView.framework */ = {isa = PBXFileReference; explicitFileType = wrapper.framework; includeInIndex = 0; path = Pods_CollectionView.framework; sourceTree = BUILT_PRODUCTS_DIR; };
/* End PBXFileReference section */

/* Begin PBXFrameworksBuildPhase section */
		84A571E126BC3F3500A56F68 /* Frameworks */ = {
			isa = PBXFrameworksBuildPhase;
			buildActionMask = 2147483647;
			files = (
				348BDEEF5A91903FE76F5213 /* Pods_CollectionView.framework in Frameworks */,
			);
			runOnlyForDeploymentPostprocessing = 0;
		};
/* End PBXFrameworksBuildPhase section */

/* Begin PBXGroup section */
		04F957A4A61CDBE326BA9793 /* Pods */ = {
			isa = PBXGroup;
			children = (
				AE2C6B43F8B5B5925C747750 /* Pods-CollectionView.debug.xcconfig */,
				5E218298786DE2871C80C7C2 /* Pods-CollectionView.release.xcconfig */,
			);
			path = Pods;
			sourceTree = "<group>";
		};
		84A571DB26BC3F3400A56F68 = {
			isa = PBXGroup;
			children = (
				84A571E626BC3F3500A56F68 /* CollectionView */,
				84A571E526BC3F3500A56F68 /* Products */,
				04F957A4A61CDBE326BA9793 /* Pods */,
				DCF5FA1DF88DD90B5622F1A7 /* Frameworks */,
			);
			sourceTree = "<group>";
		};
		84A571E526BC3F3500A56F68 /* Products */ = {
			isa = PBXGroup;
			children = (
				84A571E426BC3F3500A56F68 /* CollectionView.app */,
			);
			name = Products;
			sourceTree = "<group>";
		};
		84A571E626BC3F3500A56F68 /* CollectionView */ = {
			isa = PBXGroup;
			children = (
				84A571E726BC3F3500A56F68 /* AppDelegate.swift */,
				84A571E926BC3F3500A56F68 /* SceneDelegate.swift */,
				84A571EB26BC3F3500A56F68 /* ViewController.swift */,
				84EE723D278481430059459B /* HomeController.swift */,
				84A571ED26BC3F3500A56F68 /* Main.storyboard */,
				84A571F026BC3F3700A56F68 /* Assets.xcassets */,
				84A571F226BC3F3700A56F68 /* LaunchScreen.storyboard */,
				84A571F526BC3F3700A56F68 /* Info.plist */,
				84A571FD26BC460700A56F68 /* MovieCollectionViewCell.swift */,
				84A571FF26BC492400A56F68 /* Movie.swift */,
				843C5810278F77E0008F6F7C /* Utils.swift */,
				840ECAC427913AB10030E3F0 /* CardView.swift */,
			);
			path = CollectionView;
			sourceTree = "<group>";
		};
		DCF5FA1DF88DD90B5622F1A7 /* Frameworks */ = {
			isa = PBXGroup;
			children = (
				FA470D0A096696CF63A170B1 /* Pods_CollectionView.framework */,
			);
			name = Frameworks;
			sourceTree = "<group>";
		};
/* End PBXGroup section */

/* Begin PBXNativeTarget section */
		84A571E326BC3F3500A56F68 /* CollectionView */ = {
			isa = PBXNativeTarget;
			buildConfigurationList = 84A571F826BC3F3700A56F68 /* Build configuration list for PBXNativeTarget "CollectionView" */;
			buildPhases = (
				4135851400D910BB0E5FC06E /* [CP] Check Pods Manifest.lock */,
				84A571E026BC3F3500A56F68 /* Sources */,
				84A571E126BC3F3500A56F68 /* Frameworks */,
				84A571E226BC3F3500A56F68 /* Resources */,
				8CB7703D6D134DA7476C4CB9 /* [CP] Embed Pods Frameworks */,
			);
			buildRules = (
			);
			dependencies = (
			);
			name = CollectionView;
			productName = CollectionView;
			productReference = 84A571E426BC3F3500A56F68 /* CollectionView.app */;
			productType = "com.apple.product-type.application";
		};
/* End PBXNativeTarget section */

/* Begin PBXProject section */
		84A571DC26BC3F3400A56F68 /* Project object */ = {
			isa = PBXProject;
			attributes = {
				LastSwiftUpdateCheck = 1250;
				LastUpgradeCheck = 1250;
				TargetAttributes = {
					84A571E326BC3F3500A56F68 = {
						CreatedOnToolsVersion = 12.5;
					};
				};
			};
			buildConfigurationList = 84A571DF26BC3F3400A56F68 /* Build configuration list for PBXProject "CollectionView" */;
			compatibilityVersion = "Xcode 9.3";
			developmentRegion = en;
			hasScannedForEncodings = 0;
			knownRegions = (
				en,
				Base,
			);
			mainGroup = 84A571DB26BC3F3400A56F68;
			productRefGroup = 84A571E526BC3F3500A56F68 /* Products */;
			projectDirPath = "";
			projectRoot = "";
			targets = (
				84A571E326BC3F3500A56F68 /* CollectionView */,
			);
		};
/* End PBXProject section */

/* Begin PBXResourcesBuildPhase section */
		84A571E226BC3F3500A56F68 /* Resources */ = {
			isa = PBXResourcesBuildPhase;
			buildActionMask = 2147483647;
			files = (
				84A571F426BC3F3700A56F68 /* LaunchScreen.storyboard in Resources */,
				84A571F126BC3F3700A56F68 /* Assets.xcassets in Resources */,
				84A571EF26BC3F3500A56F68 /* Main.storyboard in Resources */,
			);
			runOnlyForDeploymentPostprocessing = 0;
		};
/* End PBXResourcesBuildPhase section */

/* Begin PBXShellScriptBuildPhase section */
		4135851400D910BB0E5FC06E /* [CP] Check Pods Manifest.lock */ = {
			isa = PBXShellScriptBuildPhase;
			buildActionMask = 2147483647;
			files = (
			);
			inputFileListPaths = (
			);
			inputPaths = (
				"${PODS_PODFILE_DIR_PATH}/Podfile.lock",
				"${PODS_ROOT}/Manifest.lock",
			);
			name = "[CP] Check Pods Manifest.lock";
			outputFileListPaths = (
			);
			outputPaths = (
				"$(DERIVED_FILE_DIR)/Pods-CollectionView-checkManifestLockResult.txt",
			);
			runOnlyForDeploymentPostprocessing = 0;
			shellPath = /bin/sh;
			shellScript = "diff \"${PODS_PODFILE_DIR_PATH}/Podfile.lock\" \"${PODS_ROOT}/Manifest.lock\" > /dev/null\nif [ $? != 0 ] ; then\n    # print error to STDERR\n    echo \"error: The sandbox is not in sync with the Podfile.lock. Run 'pod install' or update your CocoaPods installation.\" >&2\n    exit 1\nfi\n# This output is used by Xcode 'outputs' to avoid re-running this script phase.\necho \"SUCCESS\" > \"${SCRIPT_OUTPUT_FILE_0}\"\n";
			showEnvVarsInLog = 0;
		};
		8CB7703D6D134DA7476C4CB9 /* [CP] Embed Pods Frameworks */ = {
			isa = PBXShellScriptBuildPhase;
			buildActionMask = 2147483647;
			files = (
			);
			inputFileListPaths = (
				"${PODS_ROOT}/Target Support Files/Pods-CollectionView/Pods-CollectionView-frameworks-${CONFIGURATION}-input-files.xcfilelist",
			);
			name = "[CP] Embed Pods Frameworks";
			outputFileListPaths = (
				"${PODS_ROOT}/Target Support Files/Pods-CollectionView/Pods-CollectionView-frameworks-${CONFIGURATION}-output-files.xcfilelist",
			);
			runOnlyForDeploymentPostprocessing = 0;
			shellPath = /bin/sh;
			shellScript = "\"${PODS_ROOT}/Target Support Files/Pods-CollectionView/Pods-CollectionView-frameworks.sh\"\n";
			showEnvVarsInLog = 0;
		};
/* End PBXShellScriptBuildPhase section */

/* Begin PBXSourcesBuildPhase section */
		84A571E026BC3F3500A56F68 /* Sources */ = {
			isa = PBXSourcesBuildPhase;
			buildActionMask = 2147483647;
			files = (
				84A571EC26BC3F3500A56F68 /* ViewController.swift in Sources */,
				84A571E826BC3F3500A56F68 /* AppDelegate.swift in Sources */,
				84EE723E278481430059459B /* HomeController.swift in Sources */,
				843C5811278F77E0008F6F7C /* Utils.swift in Sources */,
				84A571EA26BC3F3500A56F68 /* SceneDelegate.swift in Sources */,
				84A571FE26BC460700A56F68 /* MovieCollectionViewCell.swift in Sources */,
				840ECAC527913AB10030E3F0 /* CardView.swift in Sources */,
				84A5720026BC492400A56F68 /* Movie.swift in Sources */,
			);
			runOnlyForDeploymentPostprocessing = 0;
		};
/* End PBXSourcesBuildPhase section */

/* Begin PBXVariantGroup section */
		84A571ED26BC3F3500A56F68 /* Main.storyboard */ = {
			isa = PBXVariantGroup;
			children = (
				84A571EE26BC3F3500A56F68 /* Base */,
			);
			name = Main.storyboard;
			sourceTree = "<group>";
		};
		84A571F226BC3F3700A56F68 /* LaunchScreen.storyboard */ = {
			isa = PBXVariantGroup;
			children = (
				84A571F326BC3F3700A56F68 /* Base */,
			);
			name = LaunchScreen.storyboard;
			sourceTree = "<group>";
		};
/* End PBXVariantGroup section */

/* Begin XCBuildConfiguration section */
		84A571F626BC3F3700A56F68 /* Debug */ = {
			isa = XCBuildConfiguration;
			buildSettings = {
				ALWAYS_SEARCH_USER_PATHS = NO;
				CLANG_ANALYZER_NONNULL = YES;
				CLANG_ANALYZER_NUMBER_OBJECT_CONVERSION = YES_AGGRESSIVE;
				CLANG_CXX_LANGUAGE_STANDARD = "gnu++14";
				CLANG_CXX_LIBRARY = "libc++";
				CLANG_ENABLE_MODULES = YES;
				CLANG_ENABLE_OBJC_ARC = YES;
				CLANG_ENABLE_OBJC_WEAK = YES;
				CLANG_WARN_BLOCK_CAPTURE_AUTORELEASING = YES;
				CLANG_WARN_BOOL_CONVERSION = YES;
				CLANG_WARN_COMMA = YES;
				CLANG_WARN_CONSTANT_CONVERSION = YES;
				CLANG_WARN_DEPRECATED_OBJC_IMPLEMENTATIONS = YES;
				CLANG_WARN_DIRECT_OBJC_ISA_USAGE = YES_ERROR;
				CLANG_WARN_DOCUMENTATION_COMMENTS = YES;
				CLANG_WARN_EMPTY_BODY = YES;
				CLANG_WARN_ENUM_CONVERSION = YES;
				CLANG_WARN_INFINITE_RECURSION = YES;
				CLANG_WARN_INT_CONVERSION = YES;
				CLANG_WARN_NON_LITERAL_NULL_CONVERSION = YES;
				CLANG_WARN_OBJC_IMPLICIT_RETAIN_SELF = YES;
				CLANG_WARN_OBJC_LITERAL_CONVERSION = YES;
				CLANG_WARN_OBJC_ROOT_CLASS = YES_ERROR;
				CLANG_WARN_QUOTED_INCLUDE_IN_FRAMEWORK_HEADER = YES;
				CLANG_WARN_RANGE_LOOP_ANALYSIS = YES;
				CLANG_WARN_STRICT_PROTOTYPES = YES;
				CLANG_WARN_SUSPICIOUS_MOVE = YES;
				CLANG_WARN_UNGUARDED_AVAILABILITY = YES_AGGRESSIVE;
				CLANG_WARN_UNREACHABLE_CODE = YES;
				CLANG_WARN__DUPLICATE_METHOD_MATCH = YES;
				COPY_PHASE_STRIP = NO;
				DEBUG_INFORMATION_FORMAT = dwarf;
				ENABLE_STRICT_OBJC_MSGSEND = YES;
				ENABLE_TESTABILITY = YES;
				GCC_C_LANGUAGE_STANDARD = gnu11;
				GCC_DYNAMIC_NO_PIC = NO;
				GCC_NO_COMMON_BLOCKS = YES;
				GCC_OPTIMIZATION_LEVEL = 0;
				GCC_PREPROCESSOR_DEFINITIONS = (
					"DEBUG=1",
					"$(inherited)",
				);
				GCC_WARN_64_TO_32_BIT_CONVERSION = YES;
				GCC_WARN_ABOUT_RETURN_TYPE = YES_ERROR;
				GCC_WARN_UNDECLARED_SELECTOR = YES;
				GCC_WARN_UNINITIALIZED_AUTOS = YES_AGGRESSIVE;
				GCC_WARN_UNUSED_FUNCTION = YES;
				GCC_WARN_UNUSED_VARIABLE = YES;
				IPHONEOS_DEPLOYMENT_TARGET = 14.5;
				MTL_ENABLE_DEBUG_INFO = INCLUDE_SOURCE;
				MTL_FAST_MATH = YES;
				ONLY_ACTIVE_ARCH = YES;
				SDKROOT = iphoneos;
				SWIFT_ACTIVE_COMPILATION_CONDITIONS = DEBUG;
				SWIFT_OPTIMIZATION_LEVEL = "-Onone";
			};
			name = Debug;
		};
		84A571F726BC3F3700A56F68 /* Release */ = {
			isa = XCBuildConfiguration;
			buildSettings = {
				ALWAYS_SEARCH_USER_PATHS = NO;
				CLANG_ANALYZER_NONNULL = YES;
				CLANG_ANALYZER_NUMBER_OBJECT_CONVERSION = YES_AGGRESSIVE;
				CLANG_CXX_LANGUAGE_STANDARD = "gnu++14";
				CLANG_CXX_LIBRARY = "libc++";
				CLANG_ENABLE_MODULES = YES;
				CLANG_ENABLE_OBJC_ARC = YES;
				CLANG_ENABLE_OBJC_WEAK = YES;
				CLANG_WARN_BLOCK_CAPTURE_AUTORELEASING = YES;
				CLANG_WARN_BOOL_CONVERSION = YES;
				CLANG_WARN_COMMA = YES;
				CLANG_WARN_CONSTANT_CONVERSION = YES;
				CLANG_WARN_DEPRECATED_OBJC_IMPLEMENTATIONS = YES;
				CLANG_WARN_DIRECT_OBJC_ISA_USAGE = YES_ERROR;
				CLANG_WARN_DOCUMENTATION_COMMENTS = YES;
				CLANG_WARN_EMPTY_BODY = YES;
				CLANG_WARN_ENUM_CONVERSION = YES;
				CLANG_WARN_INFINITE_RECURSION = YES;
				CLANG_WARN_INT_CONVERSION = YES;
				CLANG_WARN_NON_LITERAL_NULL_CONVERSION = YES;
				CLANG_WARN_OBJC_IMPLICIT_RETAIN_SELF = YES;
				CLANG_WARN_OBJC_LITERAL_CONVERSION = YES;
				CLANG_WARN_OBJC_ROOT_CLASS = YES_ERROR;
				CLANG_WARN_QUOTED_INCLUDE_IN_FRAMEWORK_HEADER = YES;
				CLANG_WARN_RANGE_LOOP_ANALYSIS = YES;
				CLANG_WARN_STRICT_PROTOTYPES = YES;
				CLANG_WARN_SUSPICIOUS_MOVE = YES;
				CLANG_WARN_UNGUARDED_AVAILABILITY = YES_AGGRESSIVE;
				CLANG_WARN_UNREACHABLE_CODE = YES;
				CLANG_WARN__DUPLICATE_METHOD_MATCH = YES;
				COPY_PHASE_STRIP = NO;
				DEBUG_INFORMATION_FORMAT = "dwarf-with-dsym";
				ENABLE_NS_ASSERTIONS = NO;
				ENABLE_STRICT_OBJC_MSGSEND = YES;
				GCC_C_LANGUAGE_STANDARD = gnu11;
				GCC_NO_COMMON_BLOCKS = YES;
				GCC_WARN_64_TO_32_BIT_CONVERSION = YES;
				GCC_WARN_ABOUT_RETURN_TYPE = YES_ERROR;
				GCC_WARN_UNDECLARED_SELECTOR = YES;
				GCC_WARN_UNINITIALIZED_AUTOS = YES_AGGRESSIVE;
				GCC_WARN_UNUSED_FUNCTION = YES;
				GCC_WARN_UNUSED_VARIABLE = YES;
				IPHONEOS_DEPLOYMENT_TARGET = 14.5;
				MTL_ENABLE_DEBUG_INFO = NO;
				MTL_FAST_MATH = YES;
				SDKROOT = iphoneos;
				SWIFT_COMPILATION_MODE = wholemodule;
				SWIFT_OPTIMIZATION_LEVEL = "-O";
				VALIDATE_PRODUCT = YES;
			};
			name = Release;
		};
		84A571F926BC3F3700A56F68 /* Debug */ = {
			isa = XCBuildConfiguration;
			baseConfigurationReference = AE2C6B43F8B5B5925C747750 /* Pods-CollectionView.debug.xcconfig */;
			buildSettings = {
				ASSETCATALOG_COMPILER_APPICON_NAME = AppIcon;
				ASSETCATALOG_COMPILER_GLOBAL_ACCENT_COLOR_NAME = AccentColor;
				CODE_SIGN_STYLE = Automatic;
				DEVELOPMENT_TEAM = 962ZH72M53;
				INFOPLIST_FILE = CollectionView/Info.plist;
				LD_RUNPATH_SEARCH_PATHS = (
					"$(inherited)",
					"@executable_path/Frameworks",
				);
				PRODUCT_BUNDLE_IDENTIFIER = Developers.CollectionView;
				PRODUCT_NAME = "$(TARGET_NAME)";
				SWIFT_VERSION = 5.0;
				TARGETED_DEVICE_FAMILY = "1,2";
			};
			name = Debug;
		};
		84A571FA26BC3F3700A56F68 /* Release */ = {
			isa = XCBuildConfiguration;
			baseConfigurationReference = 5E218298786DE2871C80C7C2 /* Pods-CollectionView.release.xcconfig */;
			buildSettings = {
				ASSETCATALOG_COMPILER_APPICON_NAME = AppIcon;
				ASSETCATALOG_COMPILER_GLOBAL_ACCENT_COLOR_NAME = AccentColor;
				CODE_SIGN_STYLE = Automatic;
				DEVELOPMENT_TEAM = 962ZH72M53;
				INFOPLIST_FILE = CollectionView/Info.plist;
				LD_RUNPATH_SEARCH_PATHS = (
					"$(inherited)",
					"@executable_path/Frameworks",
				);
				PRODUCT_BUNDLE_IDENTIFIER = Developers.CollectionView;
				PRODUCT_NAME = "$(TARGET_NAME)";
				SWIFT_VERSION = 5.0;
				TARGETED_DEVICE_FAMILY = "1,2";
			};
			name = Release;
		};
/* End XCBuildConfiguration section */

/* Begin XCConfigurationList section */
		84A571DF26BC3F3400A56F68 /* Build configuration list for PBXProject "CollectionView" */ = {
			isa = XCConfigurationList;
			buildConfigurations = (
				84A571F626BC3F3700A56F68 /* Debug */,
				84A571F726BC3F3700A56F68 /* Release */,
			);
			defaultConfigurationIsVisible = 0;
			defaultConfigurationName = Release;
		};
		84A571F826BC3F3700A56F68 /* Build configuration list for PBXNativeTarget "CollectionView" */ = {
			isa = XCConfigurationList;
			buildConfigurations = (
				84A571F926BC3F3700A56F68 /* Debug */,
				84A571FA26BC3F3700A56F68 /* Release */,
			);
			defaultConfigurationIsVisible = 0;
			defaultConfigurationName = Release;
		};
/* End XCConfigurationList section */
	};
	rootObject = 84A571DC26BC3F3400A56F68 /* Project object */;
}
